
Microsoft Visual Studio Solution File, Format Version 12.00
# Visual Studio Version 16
VisualStudioVersion = 16.0.29728.190
MinimumVisualStudioVersion = 10.0.40219.1
Project("{9A19103F-16F7-4668-BE54-9A1E7A4F7556}") = "MyVet.Common", "MyVet.Common\MyVet.Common.csproj", "{964FFAA5-17A7-40F9-B669-9073E8AB9653}"
EndProject
Project("{9A19103F-16F7-4668-BE54-9A1E7A4F7556}") = "MyVet.Web", "MyVet.Web\MyVet.Web.csproj", "{8A6FF0D0-8454-4B27-9135-59A9035AFEB3}"
EndProject
Project("{FAE04EC0-301F-11D3-BF4B-00C04F79EFBC}") = "MyVet.Prism", "MyVet.Prism\MyVet.Prism\MyVet.Prism.csproj", "{64C56B90-3932-4FBD-A6D5-2D0B0875050E}"
EndProject
Project("{FAE04EC0-301F-11D3-BF4B-00C04F79EFBC}") = "MyVet.Prism.Android", "MyVet.Prism\MyVet.Prism.Android\MyVet.Prism.Android.csproj", "{59272C7F-2DDA-48B6-A06E-0B0BAD579E73}"
EndProject
Project("{FAE04EC0-301F-11D3-BF4B-00C04F79EFBC}") = "MyVet.Prism.iOS", "MyVet.Prism\MyVet.Prism.iOS\MyVet.Prism.iOS.csproj", "{6F117D48-F141-4093-AB0D-CA1A4672EA72}"
EndProject
Project("{FAE04EC0-301F-11D3-BF4B-00C04F79EFBC}") = "MyVet.Prism.UWP", "MyVet.Prism\MyVet.Prism.UWP\MyVet.Prism.UWP.csproj", "{11B74DBE-FB3B-4506-9FAF-5D9557AA8D38}"
EndProject
Global
	GlobalSection(SolutionConfigurationPlatforms) = preSolution
		Ad-Hoc|Any CPU = Ad-Hoc|Any CPU
		Ad-Hoc|ARM = Ad-Hoc|ARM
		Ad-Hoc|iPhone = Ad-Hoc|iPhone
		Ad-Hoc|iPhoneSimulator = Ad-Hoc|iPhoneSimulator
		Ad-Hoc|x64 = Ad-Hoc|x64
		Ad-Hoc|x86 = Ad-Hoc|x86
		AppStore|Any CPU = AppStore|Any CPU
		AppStore|ARM = AppStore|ARM
		AppStore|iPhone = AppStore|iPhone
		AppStore|iPhoneSimulator = AppStore|iPhoneSimulator
		AppStore|x64 = AppStore|x64
		AppStore|x86 = AppStore|x86
		Debug|Any CPU = Debug|Any CPU
		Debug|ARM = Debug|ARM
		Debug|iPhone = Debug|iPhone
		Debug|iPhoneSimulator = Debug|iPhoneSimulator
		Debug|x64 = Debug|x64
		Debug|x86 = Debug|x86
		Release|Any CPU = Release|Any CPU
		Release|ARM = Release|ARM
		Release|iPhone = Release|iPhone
		Release|iPhoneSimulator = Release|iPhoneSimulator
		Release|x64 = Release|x64
		Release|x86 = Release|x86
	EndGlobalSection
	GlobalSection(ProjectConfigurationPlatforms) = postSolution
		{964FFAA5-17A7-40F9-B669-9073E8AB9653}.Ad-Hoc|Any CPU.ActiveCfg = Release|Any CPU
		{964FFAA5-17A7-40F9-B669-9073E8AB9653}.Ad-Hoc|Any CPU.Build.0 = Release|Any CPU
		{964FFAA5-17A7-40F9-B669-9073E8AB9653}.Ad-Hoc|ARM.ActiveCfg = Release|Any CPU
		{964FFAA5-17A7-40F9-B669-9073E8AB9653}.Ad-Hoc|ARM.Build.0 = Release|Any CPU
		{964FFAA5-17A7-40F9-B669-9073E8AB9653}.Ad-Hoc|iPhone.ActiveCfg = Release|Any CPU
		{964FFAA5-17A7-40F9-B669-9073E8AB9653}.Ad-Hoc|iPhone.Build.0 = Release|Any CPU
		{964FFAA5-17A7-40F9-B669-9073E8AB9653}.Ad-Hoc|iPhoneSimulator.ActiveCfg = Release|Any CPU
		{964FFAA5-17A7-40F9-B669-9073E8AB9653}.Ad-Hoc|iPhoneSimulator.Build.0 = Release|Any CPU
		{964FFAA5-17A7-40F9-B669-9073E8AB9653}.Ad-Hoc|x64.ActiveCfg = Release|Any CPU
		{964FFAA5-17A7-40F9-B669-9073E8AB9653}.Ad-Hoc|x64.Build.0 = Release|Any CPU
		{964FFAA5-17A7-40F9-B669-9073E8AB9653}.Ad-Hoc|x86.ActiveCfg = Release|Any CPU
		{964FFAA5-17A7-40F9-B669-9073E8AB9653}.Ad-Hoc|x86.Build.0 = Release|Any CPU
		{964FFAA5-17A7-40F9-B669-9073E8AB9653}.AppStore|Any CPU.ActiveCfg = Release|Any CPU
		{964FFAA5-17A7-40F9-B669-9073E8AB9653}.AppStore|Any CPU.Build.0 = Release|Any CPU
		{964FFAA5-17A7-40F9-B669-9073E8AB9653}.AppStore|ARM.ActiveCfg = Release|Any CPU
		{964FFAA5-17A7-40F9-B669-9073E8AB9653}.AppStore|ARM.Build.0 = Release|Any CPU
		{964FFAA5-17A7-40F9-B669-9073E8AB9653}.AppStore|iPhone.ActiveCfg = Release|Any CPU
		{964FFAA5-17A7-40F9-B669-9073E8AB9653}.AppStore|iPhone.Build.0 = Release|Any CPU
		{964FFAA5-17A7-40F9-B669-9073E8AB9653}.AppStore|iPhoneSimulator.ActiveCfg = Release|Any CPU
		{964FFAA5-17A7-40F9-B669-9073E8AB9653}.AppStore|iPhoneSimulator.Build.0 = Release|Any CPU
		{964FFAA5-17A7-40F9-B669-9073E8AB9653}.AppStore|x64.ActiveCfg = Release|Any CPU
		{964FFAA5-17A7-40F9-B669-9073E8AB9653}.AppStore|x64.Build.0 = Release|Any CPU
		{964FFAA5-17A7-40F9-B669-9073E8AB9653}.AppStore|x86.ActiveCfg = Release|Any CPU
		{964FFAA5-17A7-40F9-B669-9073E8AB9653}.AppStore|x86.Build.0 = Release|Any CPU
		{964FFAA5-17A7-40F9-B669-9073E8AB9653}.Debug|Any CPU.ActiveCfg = Debug|Any CPU
		{964FFAA5-17A7-40F9-B669-9073E8AB9653}.Debug|Any CPU.Build.0 = Debug|Any CPU
		{964FFAA5-17A7-40F9-B669-9073E8AB9653}.Debug|ARM.ActiveCfg = Debug|Any CPU
		{964FFAA5-17A7-40F9-B669-9073E8AB9653}.Debug|ARM.Build.0 = Debug|Any CPU
		{964FFAA5-17A7-40F9-B669-9073E8AB9653}.Debug|iPhone.ActiveCfg = Debug|Any CPU
		{964FFAA5-17A7-40F9-B669-9073E8AB9653}.Debug|iPhone.Build.0 = Debug|Any CPU
		{964FFAA5-17A7-40F9-B669-9073E8AB9653}.Debug|iPhoneSimulator.ActiveCfg = Debug|Any CPU
		{964FFAA5-17A7-40F9-B669-9073E8AB9653}.Debug|iPhoneSimulator.Build.0 = Debug|Any CPU
		{964FFAA5-17A7-40F9-B669-9073E8AB9653}.Debug|x64.ActiveCfg = Debug|Any CPU
		{964FFAA5-17A7-40F9-B669-9073E8AB9653}.Debug|x64.Build.0 = Debug|Any CPU
		{964FFAA5-17A7-40F9-B669-9073E8AB9653}.Debug|x86.ActiveCfg = Debug|Any CPU
		{964FFAA5-17A7-40F9-B669-9073E8AB9653}.Debug|x86.Build.0 = Debug|Any CPU
		{964FFAA5-17A7-40F9-B669-9073E8AB9653}.Release|Any CPU.ActiveCfg = Release|Any CPU
		{964FFAA5-17A7-40F9-B669-9073E8AB9653}.Release|Any CPU.Build.0 = Release|Any CPU
		{964FFAA5-17A7-40F9-B669-9073E8AB9653}.Release|ARM.ActiveCfg = Release|Any CPU
		{964FFAA5-17A7-40F9-B669-9073E8AB9653}.Release|ARM.Build.0 = Release|Any CPU
		{964FFAA5-17A7-40F9-B669-9073E8AB9653}.Release|iPhone.ActiveCfg = Release|Any CPU
		{964FFAA5-17A7-40F9-B669-9073E8AB9653}.Release|iPhone.Build.0 = Release|Any CPU
		{964FFAA5-17A7-40F9-B669-9073E8AB9653}.Release|iPhoneSimulator.ActiveCfg = Release|Any CPU
		{964FFAA5-17A7-40F9-B669-9073E8AB9653}.Release|iPhoneSimulator.Build.0 = Release|Any CPU
		{964FFAA5-17A7-40F9-B669-9073E8AB9653}.Release|x64.ActiveCfg = Release|Any CPU
		{964FFAA5-17A7-40F9-B669-9073E8AB9653}.Release|x64.Build.0 = Release|Any CPU
		{964FFAA5-17A7-40F9-B669-9073E8AB9653}.Release|x86.ActiveCfg = Release|Any CPU
		{964FFAA5-17A7-40F9-B669-9073E8AB9653}.Release|x86.Build.0 = Release|Any CPU
		{8A6FF0D0-8454-4B27-9135-59A9035AFEB3}.Ad-Hoc|Any CPU.ActiveCfg = Release|Any CPU
		{8A6FF0D0-8454-4B27-9135-59A9035AFEB3}.Ad-Hoc|Any CPU.Build.0 = Release|Any CPU
		{8A6FF0D0-8454-4B27-9135-59A9035AFEB3}.Ad-Hoc|ARM.ActiveCfg = Release|Any CPU
		{8A6FF0D0-8454-4B27-9135-59A9035AFEB3}.Ad-Hoc|ARM.Build.0 = Release|Any CPU
		{8A6FF0D0-8454-4B27-9135-59A9035AFEB3}.Ad-Hoc|iPhone.ActiveCfg = Release|Any CPU
		{8A6FF0D0-8454-4B27-9135-59A9035AFEB3}.Ad-Hoc|iPhone.Build.0 = Release|Any CPU
		{8A6FF0D0-8454-4B27-9135-59A9035AFEB3}.Ad-Hoc|iPhoneSimulator.ActiveCfg = Release|Any CPU
		{8A6FF0D0-8454-4B27-9135-59A9035AFEB3}.Ad-Hoc|iPhoneSimulator.Build.0 = Release|Any CPU
		{8A6FF0D0-8454-4B27-9135-59A9035AFEB3}.Ad-Hoc|x64.ActiveCfg = Release|Any CPU
		{8A6FF0D0-8454-4B27-9135-59A9035AFEB3}.Ad-Hoc|x64.Build.0 = Release|Any CPU
		{8A6FF0D0-8454-4B27-9135-59A9035AFEB3}.Ad-Hoc|x86.ActiveCfg = Release|Any CPU
		{8A6FF0D0-8454-4B27-9135-59A9035AFEB3}.Ad-Hoc|x86.Build.0 = Release|Any CPU
		{8A6FF0D0-8454-4B27-9135-59A9035AFEB3}.AppStore|Any CPU.ActiveCfg = Release|Any CPU
		{8A6FF0D0-8454-4B27-9135-59A9035AFEB3}.AppStore|Any CPU.Build.0 = Release|Any CPU
		{8A6FF0D0-8454-4B27-9135-59A9035AFEB3}.AppStore|ARM.ActiveCfg = Release|Any CPU
		{8A6FF0D0-8454-4B27-9135-59A9035AFEB3}.AppStore|ARM.Build.0 = Release|Any CPU
		{8A6FF0D0-8454-4B27-9135-59A9035AFEB3}.AppStore|iPhone.ActiveCfg = Release|Any CPU
		{8A6FF0D0-8454-4B27-9135-59A9035AFEB3}.AppStore|iPhone.Build.0 = Release|Any CPU
		{8A6FF0D0-8454-4B27-9135-59A9035AFEB3}.AppStore|iPhoneSimulator.ActiveCfg = Release|Any CPU
		{8A6FF0D0-8454-4B27-9135-59A9035AFEB3}.AppStore|iPhoneSimulator.Build.0 = Release|Any CPU
		{8A6FF0D0-8454-4B27-9135-59A9035AFEB3}.AppStore|x64.ActiveCfg = Release|Any CPU
		{8A6FF0D0-8454-4B27-9135-59A9035AFEB3}.AppStore|x64.Build.0 = Release|Any CPU
		{8A6FF0D0-8454-4B27-9135-59A9035AFEB3}.AppStore|x86.ActiveCfg = Release|Any CPU
		{8A6FF0D0-8454-4B27-9135-59A9035AFEB3}.AppStore|x86.Build.0 = Release|Any CPU
		{8A6FF0D0-8454-4B27-9135-59A9035AFEB3}.Debug|Any CPU.ActiveCfg = Debug|Any CPU
		{8A6FF0D0-8454-4B27-9135-59A9035AFEB3}.Debug|Any CPU.Build.0 = Debug|Any CPU
		{8A6FF0D0-8454-4B27-9135-59A9035AFEB3}.Debug|ARM.ActiveCfg = Debug|Any CPU
		{8A6FF0D0-8454-4B27-9135-59A9035AFEB3}.Debug|ARM.Build.0 = Debug|Any CPU
		{8A6FF0D0-8454-4B27-9135-59A9035AFEB3}.Debug|iPhone.ActiveCfg = Debug|Any CPU
		{8A6FF0D0-8454-4B27-9135-59A9035AFEB3}.Debug|iPhone.Build.0 = Debug|Any CPU
		{8A6FF0D0-8454-4B27-9135-59A9035AFEB3}.Debug|iPhoneSimulator.ActiveCfg = Debug|Any CPU
		{8A6FF0D0-8454-4B27-9135-59A9035AFEB3}.Debug|iPhoneSimulator.Build.0 = Debug|Any CPU
		{8A6FF0D0-8454-4B27-9135-59A9035AFEB3}.Debug|x64.ActiveCfg = Debug|Any CPU
		{8A6FF0D0-8454-4B27-9135-59A9035AFEB3}.Debug|x64.Build.0 = Debug|Any CPU
		{8A6FF0D0-8454-4B27-9135-59A9035AFEB3}.Debug|x86.ActiveCfg = Debug|Any CPU
		{8A6FF0D0-8454-4B27-9135-59A9035AFEB3}.Debug|x86.Build.0 = Debug|Any CPU
		{8A6FF0D0-8454-4B27-9135-59A9035AFEB3}.Release|Any CPU.ActiveCfg = Release|Any CPU
		{8A6FF0D0-8454-4B27-9135-59A9035AFEB3}.Release|Any CPU.Build.0 = Release|Any CPU
		{8A6FF0D0-8454-4B27-9135-59A9035AFEB3}.Release|ARM.ActiveCfg = Release|Any CPU
		{8A6FF0D0-8454-4B27-9135-59A9035AFEB3}.Release|ARM.Build.0 = Release|Any CPU
		{8A6FF0D0-8454-4B27-9135-59A9035AFEB3}.Release|iPhone.ActiveCfg = Release|Any CPU
		{8A6FF0D0-8454-4B27-9135-59A9035AFEB3}.Release|iPhone.Build.0 = Release|Any CPU
		{8A6FF0D0-8454-4B27-9135-59A9035AFEB3}.Release|iPhoneSimulator.ActiveCfg = Release|Any CPU
		{8A6FF0D0-8454-4B27-9135-59A9035AFEB3}.Release|iPhoneSimulator.Build.0 = Release|Any CPU
		{8A6FF0D0-8454-4B27-9135-59A9035AFEB3}.Release|x64.ActiveCfg = Release|Any CPU
		{8A6FF0D0-8454-4B27-9135-59A9035AFEB3}.Release|x64.Build.0 = Release|Any CPU
		{8A6FF0D0-8454-4B27-9135-59A9035AFEB3}.Release|x86.ActiveCfg = Release|Any CPU
		{8A6FF0D0-8454-4B27-9135-59A9035AFEB3}.Release|x86.Build.0 = Release|Any CPU
		{64C56B90-3932-4FBD-A6D5-2D0B0875050E}.Ad-Hoc|Any CPU.ActiveCfg = Debug|Any CPU
		{64C56B90-3932-4FBD-A6D5-2D0B0875050E}.Ad-Hoc|Any CPU.Build.0 = Debug|Any CPU
		{64C56B90-3932-4FBD-A6D5-2D0B0875050E}.Ad-Hoc|ARM.ActiveCfg = Debug|Any CPU
		{64C56B90-3932-4FBD-A6D5-2D0B0875050E}.Ad-Hoc|ARM.Build.0 = Debug|Any CPU
		{64C56B90-3932-4FBD-A6D5-2D0B0875050E}.Ad-Hoc|iPhone.ActiveCfg = Debug|Any CPU
		{64C56B90-3932-4FBD-A6D5-2D0B0875050E}.Ad-Hoc|iPhone.Build.0 = Debug|Any CPU
		{64C56B90-3932-4FBD-A6D5-2D0B0875050E}.Ad-Hoc|iPhoneSimulator.ActiveCfg = Debug|Any CPU
		{64C56B90-3932-4FBD-A6D5-2D0B0875050E}.Ad-Hoc|iPhoneSimulator.Build.0 = Debug|Any CPU
		{64C56B90-3932-4FBD-A6D5-2D0B0875050E}.Ad-Hoc|x64.ActiveCfg = Debug|Any CPU
		{64C56B90-3932-4FBD-A6D5-2D0B0875050E}.Ad-Hoc|x64.Build.0 = Debug|Any CPU
		{64C56B90-3932-4FBD-A6D5-2D0B0875050E}.Ad-Hoc|x86.ActiveCfg = Debug|Any CPU
		{64C56B90-3932-4FBD-A6D5-2D0B0875050E}.Ad-Hoc|x86.Build.0 = Debug|Any CPU
		{64C56B90-3932-4FBD-A6D5-2D0B0875050E}.AppStore|Any CPU.ActiveCfg = Debug|Any CPU
		{64C56B90-3932-4FBD-A6D5-2D0B0875050E}.AppStore|Any CPU.Build.0 = Debug|Any CPU
		{64C56B90-3932-4FBD-A6D5-2D0B0875050E}.AppStore|ARM.ActiveCfg = Debug|Any CPU
		{64C56B90-3932-4FBD-A6D5-2D0B0875050E}.AppStore|ARM.Build.0 = Debug|Any CPU
		{64C56B90-3932-4FBD-A6D5-2D0B0875050E}.AppStore|iPhone.ActiveCfg = Debug|Any CPU
		{64C56B90-3932-4FBD-A6D5-2D0B0875050E}.AppStore|iPhone.Build.0 = Debug|Any CPU
		{64C56B90-3932-4FBD-A6D5-2D0B0875050E}.AppStore|iPhoneSimulator.ActiveCfg = Debug|Any CPU
		{64C56B90-3932-4FBD-A6D5-2D0B0875050E}.AppStore|iPhoneSimulator.Build.0 = Debug|Any CPU
		{64C56B90-3932-4FBD-A6D5-2D0B0875050E}.AppStore|x64.ActiveCfg = Debug|Any CPU
		{64C56B90-3932-4FBD-A6D5-2D0B0875050E}.AppStore|x64.Build.0 = Debug|Any CPU
		{64C56B90-3932-4FBD-A6D5-2D0B0875050E}.AppStore|x86.ActiveCfg = Debug|Any CPU
		{64C56B90-3932-4FBD-A6D5-2D0B0875050E}.AppStore|x86.Build.0 = Debug|Any CPU
		{64C56B90-3932-4FBD-A6D5-2D0B0875050E}.Debug|Any CPU.ActiveCfg = Debug|Any CPU
		{64C56B90-3932-4FBD-A6D5-2D0B0875050E}.Debug|Any CPU.Build.0 = Debug|Any CPU
		{64C56B90-3932-4FBD-A6D5-2D0B0875050E}.Debug|ARM.ActiveCfg = Debug|Any CPU
		{64C56B90-3932-4FBD-A6D5-2D0B0875050E}.Debug|ARM.Build.0 = Debug|Any CPU
		{64C56B90-3932-4FBD-A6D5-2D0B0875050E}.Debug|iPhone.ActiveCfg = Debug|Any CPU
		{64C56B90-3932-4FBD-A6D5-2D0B0875050E}.Debug|iPhone.Build.0 = Debug|Any CPU
		{64C56B90-3932-4FBD-A6D5-2D0B0875050E}.Debug|iPhoneSimulator.ActiveCfg = Debug|Any CPU
		{64C56B90-3932-4FBD-A6D5-2D0B0875050E}.Debug|iPhoneSimulator.Build.0 = Debug|Any CPU
		{64C56B90-3932-4FBD-A6D5-2D0B0875050E}.Debug|x64.ActiveCfg = Debug|Any CPU
		{64C56B90-3932-4FBD-A6D5-2D0B0875050E}.Debug|x64.Build.0 = Debug|Any CPU
		{64C56B90-3932-4FBD-A6D5-2D0B0875050E}.Debug|x86.ActiveCfg = Debug|Any CPU
		{64C56B90-3932-4FBD-A6D5-2D0B0875050E}.Debug|x86.Build.0 = Debug|Any CPU
		{64C56B90-3932-4FBD-A6D5-2D0B0875050E}.Release|Any CPU.ActiveCfg = Release|Any CPU
		{64C56B90-3932-4FBD-A6D5-2D0B0875050E}.Release|Any CPU.Build.0 = Release|Any CPU
		{64C56B90-3932-4FBD-A6D5-2D0B0875050E}.Release|ARM.ActiveCfg = Release|Any CPU
		{64C56B90-3932-4FBD-A6D5-2D0B0875050E}.Release|ARM.Build.0 = Release|Any CPU
		{64C56B90-3932-4FBD-A6D5-2D0B0875050E}.Release|iPhone.ActiveCfg = Release|Any CPU
		{64C56B90-3932-4FBD-A6D5-2D0B0875050E}.Release|iPhone.Build.0 = Release|Any CPU
		{64C56B90-3932-4FBD-A6D5-2D0B0875050E}.Release|iPhoneSimulator.ActiveCfg = Release|Any CPU
		{64C56B90-3932-4FBD-A6D5-2D0B0875050E}.Release|iPhoneSimulator.Build.0 = Release|Any CPU
		{64C56B90-3932-4FBD-A6D5-2D0B0875050E}.Release|x64.ActiveCfg = Release|Any CPU
		{64C56B90-3932-4FBD-A6D5-2D0B0875050E}.Release|x64.Build.0 = Release|Any CPU
		{64C56B90-3932-4FBD-A6D5-2D0B0875050E}.Release|x86.ActiveCfg = Release|Any CPU
		{64C56B90-3932-4FBD-A6D5-2D0B0875050E}.Release|x86.Build.0 = Release|Any CPU
		{59272C7F-2DDA-48B6-A06E-0B0BAD579E73}.Ad-Hoc|Any CPU.ActiveCfg = Release|Any CPU
		{59272C7F-2DDA-48B6-A06E-0B0BAD579E73}.Ad-Hoc|Any CPU.Build.0 = Release|Any CPU
		{59272C7F-2DDA-48B6-A06E-0B0BAD579E73}.Ad-Hoc|Any CPU.Deploy.0 = Release|Any CPU
		{59272C7F-2DDA-48B6-A06E-0B0BAD579E73}.Ad-Hoc|ARM.ActiveCfg = Release|Any CPU
		{59272C7F-2DDA-48B6-A06E-0B0BAD579E73}.Ad-Hoc|ARM.Build.0 = Release|Any CPU
		{59272C7F-2DDA-48B6-A06E-0B0BAD579E73}.Ad-Hoc|ARM.Deploy.0 = Release|Any CPU
		{59272C7F-2DDA-48B6-A06E-0B0BAD579E73}.Ad-Hoc|iPhone.ActiveCfg = Release|Any CPU
		{59272C7F-2DDA-48B6-A06E-0B0BAD579E73}.Ad-Hoc|iPhone.Build.0 = Release|Any CPU
		{59272C7F-2DDA-48B6-A06E-0B0BAD579E73}.Ad-Hoc|iPhone.Deploy.0 = Release|Any CPU
		{59272C7F-2DDA-48B6-A06E-0B0BAD579E73}.Ad-Hoc|iPhoneSimulator.ActiveCfg = Release|Any CPU
		{59272C7F-2DDA-48B6-A06E-0B0BAD579E73}.Ad-Hoc|iPhoneSimulator.Build.0 = Release|Any CPU
		{59272C7F-2DDA-48B6-A06E-0B0BAD579E73}.Ad-Hoc|iPhoneSimulator.Deploy.0 = Release|Any CPU
		{59272C7F-2DDA-48B6-A06E-0B0BAD579E73}.Ad-Hoc|x64.ActiveCfg = Release|Any CPU
		{59272C7F-2DDA-48B6-A06E-0B0BAD579E73}.Ad-Hoc|x64.Build.0 = Release|Any CPU
		{59272C7F-2DDA-48B6-A06E-0B0BAD579E73}.Ad-Hoc|x64.Deploy.0 = Release|Any CPU
		{59272C7F-2DDA-48B6-A06E-0B0BAD579E73}.Ad-Hoc|x86.ActiveCfg = Release|Any CPU
		{59272C7F-2DDA-48B6-A06E-0B0BAD579E73}.Ad-Hoc|x86.Build.0 = Release|Any CPU
		{59272C7F-2DDA-48B6-A06E-0B0BAD579E73}.Ad-Hoc|x86.Deploy.0 = Release|Any CPU
		{59272C7F-2DDA-48B6-A06E-0B0BAD579E73}.AppStore|Any CPU.ActiveCfg = Release|Any CPU
		{59272C7F-2DDA-48B6-A06E-0B0BAD579E73}.AppStore|Any CPU.Build.0 = Release|Any CPU
		{59272C7F-2DDA-48B6-A06E-0B0BAD579E73}.AppStore|Any CPU.Deploy.0 = Release|Any CPU
		{59272C7F-2DDA-48B6-A06E-0B0BAD579E73}.AppStore|ARM.ActiveCfg = Release|Any CPU
		{59272C7F-2DDA-48B6-A06E-0B0BAD579E73}.AppStore|ARM.Build.0 = Release|Any CPU
		{59272C7F-2DDA-48B6-A06E-0B0BAD579E73}.AppStore|ARM.Deploy.0 = Release|Any CPU
		{59272C7F-2DDA-48B6-A06E-0B0BAD579E73}.AppStore|iPhone.ActiveCfg = Release|Any CPU
		{59272C7F-2DDA-48B6-A06E-0B0BAD579E73}.AppStore|iPhone.Build.0 = Release|Any CPU
		{59272C7F-2DDA-48B6-A06E-0B0BAD579E73}.AppStore|iPhone.Deploy.0 = Release|Any CPU
		{59272C7F-2DDA-48B6-A06E-0B0BAD579E73}.AppStore|iPhoneSimulator.ActiveCfg = Release|Any CPU
		{59272C7F-2DDA-48B6-A06E-0B0BAD579E73}.AppStore|iPhoneSimulator.Build.0 = Release|Any CPU
		{59272C7F-2DDA-48B6-A06E-0B0BAD579E73}.AppStore|iPhoneSimulator.Deploy.0 = Release|Any CPU
		{59272C7F-2DDA-48B6-A06E-0B0BAD579E73}.AppStore|x64.ActiveCfg = Release|Any CPU
		{59272C7F-2DDA-48B6-A06E-0B0BAD579E73}.AppStore|x64.Build.0 = Release|Any CPU
		{59272C7F-2DDA-48B6-A06E-0B0BAD579E73}.AppStore|x64.Deploy.0 = Release|Any CPU
		{59272C7F-2DDA-48B6-A06E-0B0BAD579E73}.AppStore|x86.ActiveCfg = Release|Any CPU
		{59272C7F-2DDA-48B6-A06E-0B0BAD579E73}.AppStore|x86.Build.0 = Release|Any CPU
		{59272C7F-2DDA-48B6-A06E-0B0BAD579E73}.AppStore|x86.Deploy.0 = Release|Any CPU
		{59272C7F-2DDA-48B6-A06E-0B0BAD579E73}.Debug|Any CPU.ActiveCfg = Debug|Any CPU
		{59272C7F-2DDA-48B6-A06E-0B0BAD579E73}.Debug|Any CPU.Build.0 = Debug|Any CPU
		{59272C7F-2DDA-48B6-A06E-0B0BAD579E73}.Debug|Any CPU.Deploy.0 = Debug|Any CPU
		{59272C7F-2DDA-48B6-A06E-0B0BAD579E73}.Debug|ARM.ActiveCfg = Debug|Any CPU
		{59272C7F-2DDA-48B6-A06E-0B0BAD579E73}.Debug|ARM.Build.0 = Debug|Any CPU
		{59272C7F-2DDA-48B6-A06E-0B0BAD579E73}.Debug|ARM.Deploy.0 = Debug|Any CPU
		{59272C7F-2DDA-48B6-A06E-0B0BAD579E73}.Debug|iPhone.ActiveCfg = Debug|Any CPU
		{59272C7F-2DDA-48B6-A06E-0B0BAD579E73}.Debug|iPhone.Build.0 = Debug|Any CPU
		{59272C7F-2DDA-48B6-A06E-0B0BAD579E73}.Debug|iPhone.Deploy.0 = Debug|Any CPU
		{59272C7F-2DDA-48B6-A06E-0B0BAD579E73}.Debug|iPhoneSimulator.ActiveCfg = Debug|Any CPU
		{59272C7F-2DDA-48B6-A06E-0B0BAD579E73}.Debug|iPhoneSimulator.Build.0 = Debug|Any CPU
		{59272C7F-2DDA-48B6-A06E-0B0BAD579E73}.Debug|iPhoneSimulator.Deploy.0 = Debug|Any CPU
		{59272C7F-2DDA-48B6-A06E-0B0BAD579E73}.Debug|x64.ActiveCfg = Debug|Any CPU
		{59272C7F-2DDA-48B6-A06E-0B0BAD579E73}.Debug|x64.Build.0 = Debug|Any CPU
		{59272C7F-2DDA-48B6-A06E-0B0BAD579E73}.Debug|x64.Deploy.0 = Debug|Any CPU
		{59272C7F-2DDA-48B6-A06E-0B0BAD579E73}.Debug|x86.ActiveCfg = Debug|Any CPU
		{59272C7F-2DDA-48B6-A06E-0B0BAD579E73}.Debug|x86.Build.0 = Debug|Any CPU
		{59272C7F-2DDA-48B6-A06E-0B0BAD579E73}.Debug|x86.Deploy.0 = Debug|Any CPU
		{59272C7F-2DDA-48B6-A06E-0B0BAD579E73}.Release|Any CPU.ActiveCfg = Release|Any CPU
		{59272C7F-2DDA-48B6-A06E-0B0BAD579E73}.Release|Any CPU.Build.0 = Release|Any CPU
		{59272C7F-2DDA-48B6-A06E-0B0BAD579E73}.Release|Any CPU.Deploy.0 = Release|Any CPU
		{59272C7F-2DDA-48B6-A06E-0B0BAD579E73}.Release|ARM.ActiveCfg = Release|Any CPU
		{59272C7F-2DDA-48B6-A06E-0B0BAD579E73}.Release|ARM.Build.0 = Release|Any CPU
		{59272C7F-2DDA-48B6-A06E-0B0BAD579E73}.Release|ARM.Deploy.0 = Release|Any CPU
		{59272C7F-2DDA-48B6-A06E-0B0BAD579E73}.Release|iPhone.ActiveCfg = Release|Any CPU
		{59272C7F-2DDA-48B6-A06E-0B0BAD579E73}.Release|iPhone.Build.0 = Release|Any CPU
		{59272C7F-2DDA-48B6-A06E-0B0BAD579E73}.Release|iPhone.Deploy.0 = Release|Any CPU
		{59272C7F-2DDA-48B6-A06E-0B0BAD579E73}.Release|iPhoneSimulator.ActiveCfg = Release|Any CPU
		{59272C7F-2DDA-48B6-A06E-0B0BAD579E73}.Release|iPhoneSimulator.Build.0 = Release|Any CPU
		{59272C7F-2DDA-48B6-A06E-0B0BAD579E73}.Release|iPhoneSimulator.Deploy.0 = Release|Any CPU
		{59272C7F-2DDA-48B6-A06E-0B0BAD579E73}.Release|x64.ActiveCfg = Release|Any CPU
		{59272C7F-2DDA-48B6-A06E-0B0BAD579E73}.Release|x64.Build.0 = Release|Any CPU
		{59272C7F-2DDA-48B6-A06E-0B0BAD579E73}.Release|x64.Deploy.0 = Release|Any CPU
		{59272C7F-2DDA-48B6-A06E-0B0BAD579E73}.Release|x86.ActiveCfg = Release|Any CPU
		{59272C7F-2DDA-48B6-A06E-0B0BAD579E73}.Release|x86.Build.0 = Release|Any CPU
		{59272C7F-2DDA-48B6-A06E-0B0BAD579E73}.Release|x86.Deploy.0 = Release|Any CPU
		{6F117D48-F141-4093-AB0D-CA1A4672EA72}.Ad-Hoc|Any CPU.ActiveCfg = Ad-Hoc|iPhone
		{6F117D48-F141-4093-AB0D-CA1A4672EA72}.Ad-Hoc|ARM.ActiveCfg = Ad-Hoc|iPhone
		{6F117D48-F141-4093-AB0D-CA1A4672EA72}.Ad-Hoc|iPhone.ActiveCfg = Ad-Hoc|iPhone
		{6F117D48-F141-4093-AB0D-CA1A4672EA72}.Ad-Hoc|iPhone.Build.0 = Ad-Hoc|iPhone
		{6F117D48-F141-4093-AB0D-CA1A4672EA72}.Ad-Hoc|iPhoneSimulator.ActiveCfg = Ad-Hoc|iPhoneSimulator
		{6F117D48-F141-4093-AB0D-CA1A4672EA72}.Ad-Hoc|iPhoneSimulator.Build.0 = Ad-Hoc|iPhoneSimulator
		{6F117D48-F141-4093-AB0D-CA1A4672EA72}.Ad-Hoc|x64.ActiveCfg = Ad-Hoc|iPhone
		{6F117D48-F141-4093-AB0D-CA1A4672EA72}.Ad-Hoc|x86.ActiveCfg = Ad-Hoc|iPhone
		{6F117D48-F141-4093-AB0D-CA1A4672EA72}.AppStore|Any CPU.ActiveCfg = AppStore|iPhone
		{6F117D48-F141-4093-AB0D-CA1A4672EA72}.AppStore|ARM.ActiveCfg = AppStore|iPhone
		{6F117D48-F141-4093-AB0D-CA1A4672EA72}.AppStore|iPhone.ActiveCfg = AppStore|iPhone
		{6F117D48-F141-4093-AB0D-CA1A4672EA72}.AppStore|iPhone.Build.0 = AppStore|iPhone
		{6F117D48-F141-4093-AB0D-CA1A4672EA72}.AppStore|iPhoneSimulator.ActiveCfg = AppStore|iPhoneSimulator
		{6F117D48-F141-4093-AB0D-CA1A4672EA72}.AppStore|iPhoneSimulator.Build.0 = AppStore|iPhoneSimulator
		{6F117D48-F141-4093-AB0D-CA1A4672EA72}.AppStore|x64.ActiveCfg = AppStore|iPhone
		{6F117D48-F141-4093-AB0D-CA1A4672EA72}.AppStore|x86.ActiveCfg = AppStore|iPhone
		{6F117D48-F141-4093-AB0D-CA1A4672EA72}.Debug|Any CPU.ActiveCfg = Debug|iPhone
		{6F117D48-F141-4093-AB0D-CA1A4672EA72}.Debug|ARM.ActiveCfg = Debug|iPhone
		{6F117D48-F141-4093-AB0D-CA1A4672EA72}.Debug|iPhone.ActiveCfg = Debug|iPhone
		{6F117D48-F141-4093-AB0D-CA1A4672EA72}.Debug|iPhone.Build.0 = Debug|iPhone
		{6F117D48-F141-4093-AB0D-CA1A4672EA72}.Debug|iPhoneSimulator.ActiveCfg = Debug|iPhoneSimulator
		{6F117D48-F141-4093-AB0D-CA1A4672EA72}.Debug|iPhoneSimulator.Build.0 = Debug|iPhoneSimulator
		{6F117D48-F141-4093-AB0D-CA1A4672EA72}.Debug|x64.ActiveCfg = Debug|iPhone
		{6F117D48-F141-4093-AB0D-CA1A4672EA72}.Debug|x86.ActiveCfg = Debug|iPhone
		{6F117D48-F141-4093-AB0D-CA1A4672EA72}.Release|Any CPU.ActiveCfg = Release|iPhone
		{6F117D48-F141-4093-AB0D-CA1A4672EA72}.Release|ARM.ActiveCfg = Release|iPhone
		{6F117D48-F141-4093-AB0D-CA1A4672EA72}.Release|iPhone.ActiveCfg = Release|iPhone
		{6F117D48-F141-4093-AB0D-CA1A4672EA72}.Release|iPhone.Build.0 = Release|iPhone
		{6F117D48-F141-4093-AB0D-CA1A4672EA72}.Release|iPhoneSimulator.ActiveCfg = Release|iPhoneSimulator
		{6F117D48-F141-4093-AB0D-CA1A4672EA72}.Release|iPhoneSimulator.Build.0 = Release|iPhoneSimulator
		{6F117D48-F141-4093-AB0D-CA1A4672EA72}.Release|x64.ActiveCfg = Release|iPhone
		{6F117D48-F141-4093-AB0D-CA1A4672EA72}.Release|x86.ActiveCfg = Release|iPhone
		{11B74DBE-FB3B-4506-9FAF-5D9557AA8D38}.Ad-Hoc|Any CPU.ActiveCfg = Release|x86
		{11B74DBE-FB3B-4506-9FAF-5D9557AA8D38}.Ad-Hoc|Any CPU.Build.0 = Release|x86
		{11B74DBE-FB3B-4506-9FAF-5D9557AA8D38}.Ad-Hoc|Any CPU.Deploy.0 = Release|x86
		{11B74DBE-FB3B-4506-9FAF-5D9557AA8D38}.Ad-Hoc|ARM.ActiveCfg = Release|ARM
		{11B74DBE-FB3B-4506-9FAF-5D9557AA8D38}.Ad-Hoc|ARM.Build.0 = Release|ARM
		{11B74DBE-FB3B-4506-9FAF-5D9557AA8D38}.Ad-Hoc|ARM.Deploy.0 = Release|ARM
		{11B74DBE-FB3B-4506-9FAF-5D9557AA8D38}.Ad-Hoc|iPhone.ActiveCfg = Release|x86
		{11B74DBE-FB3B-4506-9FAF-5D9557AA8D38}.Ad-Hoc|iPhone.Build.0 = Release|x86
		{11B74DBE-FB3B-4506-9FAF-5D9557AA8D38}.Ad-Hoc|iPhone.Deploy.0 = Release|x86
		{11B74DBE-FB3B-4506-9FAF-5D9557AA8D38}.Ad-Hoc|iPhoneSimulator.ActiveCfg = Release|x86
		{11B74DBE-FB3B-4506-9FAF-5D9557AA8D38}.Ad-Hoc|iPhoneSimulator.Build.0 = Release|x86
		{11B74DBE-FB3B-4506-9FAF-5D9557AA8D38}.Ad-Hoc|iPhoneSimulator.Deploy.0 = Release|x86
		{11B74DBE-FB3B-4506-9FAF-5D9557AA8D38}.Ad-Hoc|x64.ActiveCfg = Release|x64
		{11B74DBE-FB3B-4506-9FAF-5D9557AA8D38}.Ad-Hoc|x64.Build.0 = Release|x64
		{11B74DBE-FB3B-4506-9FAF-5D9557AA8D38}.Ad-Hoc|x64.Deploy.0 = Release|x64
		{11B74DBE-FB3B-4506-9FAF-5D9557AA8D38}.Ad-Hoc|x86.ActiveCfg = Release|x86
		{11B74DBE-FB3B-4506-9FAF-5D9557AA8D38}.Ad-Hoc|x86.Build.0 = Release|x86
		{11B74DBE-FB3B-4506-9FAF-5D9557AA8D38}.Ad-Hoc|x86.Deploy.0 = Release|x86
		{11B74DBE-FB3B-4506-9FAF-5D9557AA8D38}.AppStore|Any CPU.ActiveCfg = Release|x86
		{11B74DBE-FB3B-4506-9FAF-5D9557AA8D38}.AppStore|Any CPU.Build.0 = Release|x86
		{11B74DBE-FB3B-4506-9FAF-5D9557AA8D38}.AppStore|Any CPU.Deploy.0 = Release|x86
		{11B74DBE-FB3B-4506-9FAF-5D9557AA8D38}.AppStore|ARM.ActiveCfg = Release|ARM
		{11B74DBE-FB3B-4506-9FAF-5D9557AA8D38}.AppStore|ARM.Build.0 = Release|ARM
		{11B74DBE-FB3B-4506-9FAF-5D9557AA8D38}.AppStore|ARM.Deploy.0 = Release|ARM
		{11B74DBE-FB3B-4506-9FAF-5D9557AA8D38}.AppStore|iPhone.ActiveCfg = Release|x86
		{11B74DBE-FB3B-4506-9FAF-5D9557AA8D38}.AppStore|iPhone.Build.0 = Release|x86
		{11B74DBE-FB3B-4506-9FAF-5D9557AA8D38}.AppStore|iPhone.Deploy.0 = Release|x86
		{11B74DBE-FB3B-4506-9FAF-5D9557AA8D38}.AppStore|iPhoneSimulator.ActiveCfg = Release|x86
		{11B74DBE-FB3B-4506-9FAF-5D9557AA8D38}.AppStore|iPhoneSimulator.Build.0 = Release|x86
		{11B74DBE-FB3B-4506-9FAF-5D9557AA8D38}.AppStore|iPhoneSimulator.Deploy.0 = Release|x86
		{11B74DBE-FB3B-4506-9FAF-5D9557AA8D38}.AppStore|x64.ActiveCfg = Release|x64
		{11B74DBE-FB3B-4506-9FAF-5D9557AA8D38}.AppStore|x64.Build.0 = Release|x64
		{11B74DBE-FB3B-4506-9FAF-5D9557AA8D38}.AppStore|x64.Deploy.0 = Release|x64
		{11B74DBE-FB3B-4506-9FAF-5D9557AA8D38}.AppStore|x86.ActiveCfg = Release|x86
		{11B74DBE-FB3B-4506-9FAF-5D9557AA8D38}.AppStore|x86.Build.0 = Release|x86
		{11B74DBE-FB3B-4506-9FAF-5D9557AA8D38}.AppStore|x86.Deploy.0 = Release|x86
		{11B74DBE-FB3B-4506-9FAF-5D9557AA8D38}.Debug|Any CPU.ActiveCfg = Debug|x86
		{11B74DBE-FB3B-4506-9FAF-5D9557AA8D38}.Debug|ARM.ActiveCfg = Debug|ARM
		{11B74DBE-FB3B-4506-9FAF-5D9557AA8D38}.Debug|ARM.Build.0 = Debug|ARM
		{11B74DBE-FB3B-4506-9FAF-5D9557AA8D38}.Debug|ARM.Deploy.0 = Debug|ARM
		{11B74DBE-FB3B-4506-9FAF-5D9557AA8D38}.Debug|iPhone.ActiveCfg = Debug|x86
		{11B74DBE-FB3B-4506-9FAF-5D9557AA8D38}.Debug|iPhoneSimulator.ActiveCfg = Debug|x86
		{11B74DBE-FB3B-4506-9FAF-5D9557AA8D38}.Debug|x64.ActiveCfg = Debug|x64
		{11B74DBE-FB3B-4506-9FAF-5D9557AA8D38}.Debug|x64.Build.0 = Debug|x64
		{11B74DBE-FB3B-4506-9FAF-5D9557AA8D38}.Debug|x64.Deploy.0 = Debug|x64
		{11B74DBE-FB3B-4506-9FAF-5D9557AA8D38}.Debug|x86.ActiveCfg = Debug|x86
		{11B74DBE-FB3B-4506-9FAF-5D9557AA8D38}.Debug|x86.Build.0 = Debug|x86
		{11B74DBE-FB3B-4506-9FAF-5D9557AA8D38}.Debug|x86.Deploy.0 = Debug|x86
		{11B74DBE-FB3B-4506-9FAF-5D9557AA8D38}.Release|Any CPU.ActiveCfg = Release|x86
		{11B74DBE-FB3B-4506-9FAF-5D9557AA8D38}.Release|ARM.ActiveCfg = Release|ARM
		{11B74DBE-FB3B-4506-9FAF-5D9557AA8D38}.Release|ARM.Build.0 = Release|ARM
		{11B74DBE-FB3B-4506-9FAF-5D9557AA8D38}.Release|ARM.Deploy.0 = Release|ARM
		{11B74DBE-FB3B-4506-9FAF-5D9557AA8D38}.Release|iPhone.ActiveCfg = Release|x86
		{11B74DBE-FB3B-4506-9FAF-5D9557AA8D38}.Release|iPhoneSimulator.ActiveCfg = Release|x86
		{11B74DBE-FB3B-4506-9FAF-5D9557AA8D38}.Release|x64.ActiveCfg = Release|x64
		{11B74DBE-FB3B-4506-9FAF-5D9557AA8D38}.Release|x64.Build.0 = Release|x64
		{11B74DBE-FB3B-4506-9FAF-5D9557AA8D38}.Release|x64.Deploy.0 = Release|x64
		{11B74DBE-FB3B-4506-9FAF-5D9557AA8D38}.Release|x86.ActiveCfg = Release|x86
		{11B74DBE-FB3B-4506-9FAF-5D9557AA8D38}.Release|x86.Build.0 = Release|x86
		{11B74DBE-FB3B-4506-9FAF-5D9557AA8D38}.Release|x86.Deploy.0 = Release|x86
	EndGlobalSection
	GlobalSection(SolutionProperties) = preSolution
		HideSolutionNode = FALSE
	EndGlobalSection
	GlobalSection(ExtensibilityGlobals) = postSolution
		SolutionGuid = {A9C8249C-6D00-4B5D-877A-A97BADA369EC}
	EndGlobalSection
EndGlobal
